{
    "$schema": "https://schemas.cute.engineering/stable/cutekit.lockfile.v1",
    "extern": {
        "cute-engineering/cat": {
            "commit": "a295bf9d45f5bd56dbb961e47540fee6dbf211f2",
            "git": "https://github.com/cute-engineering/cat.git",
            "tag": "v0.11.0"
        },
        "cute-engineering/ce-heap": {
            "commit": "918dd7962dbcd703a883c9fcf658b496f9e3502e",
            "git": "https://github.com/cute-engineering/ce-heap.git",
            "tag": "v1.1.0"
        },
        "cute-engineering/ce-libc": {
            "commit": "d5703dc5442bb9460eb7a99368c9c8b71791d629",
            "git": "https://github.com/cute-engineering/ce-libc.git",
            "tag": "v1.1.1"
        },
        "cute-engineering/ce-libm": {
            "commit": "f2c6194b1e464c9315fd15e4d9eea06f27995499",
            "git": "https://github.com/cute-engineering/ce-libm.git",
            "tag": "v1.0.2"
        },
        "cute-engineering/ce-mdi": {
            "commit": "de730b8fb27b87508ca49324e34d0380885d1203",
            "git": "https://github.com/cute-engineering/ce-mdi.git",
            "tag": "v0.6.0"
        },
        "cute-engineering/ce-stdcpp": {
            "commit": "0f591c8ccd2e091b247c09db7166958dff76370a",
            "git": "https://github.com/cute-engineering/ce-stdcpp.git",
            "tag": "v1.4.0"
        },
        "cute-engineering/ce-targets": {
            "commit": "eaa19de89b05da7fbbe9320c6f1f24dae1a3b96d",
            "git": "https://github.com/cute-engineering/ce-targets.git",
            "tag": "v0.4.0"
        },
        "skift-org/assets": {
            "commit": "d311e1f13f9d6d91fc2aa5a6c896ef6a714363e6",
            "git": "https://github.com/skift-org/assets.git",
            "tag": "main"
        },
        "skift-org/hideo": {
            "commit": "e2be582bd8b168d9541ae19b6105f741c5dd7716",
            "git": "https://github.com/skift-org/hideo.git",
            "tag": "main"
        },
        "skift-org/karm": {
            "commit": "980d12ae52f867e6efc180407ec356c78ffdef5e",
            "git": "https://github.com/skift-org/karm.git",
            "tag": "main"
        }
    }
}
