{
    "$schema": "https://schemas.cute.engineering/stable/cutekit.lockfile.v2",
    "externs": {
        "cute-engineering/cat": {
            "commit": "90d53f480be8552ffffed64861c551830a06746d",
            "git": "https://codeberg.org/cute-engineering/cat.git",
            "tag": "v0.14.0"
        },
        "cute-engineering/ce-bootfs": {
            "commit": "07f00223a9dc333ce81e11016887331b11d8e78b",
            "git": "https://codeberg.org/cute-engineering/ce-bootfs.git",
            "tag": "v0.3.0"
        },
        "cute-engineering/ce-heap": {
            "commit": "664de4bd5c3810da1a679724c3533204f30e80f8",
            "git": "https://codeberg.org/cute-engineering/ce-heap.git",
            "tag": "v1.3.0"
        },
        "cute-engineering/ce-libc": {
            "commit": "f7bc62eeef96e8525818ee97184da685b26badef",
            "git": "https://codeberg.org/cute-engineering/ce-libc.git",
            "tag": "v1.5.0"
        },
        "cute-engineering/ce-libm": {
            "commit": "8301826a0f0eac2cfa98fe0e88205225196a1a59",
            "git": "https://codeberg.org/cute-engineering/ce-libm.git",
            "tag": "v1.4.0"
        },
        "cute-engineering/ce-mdi": {
            "commit": "6403ae0f9867c2a01b7d982081fe554b627cda8e",
            "git": "https://codeberg.org/cute-engineering/ce-mdi.git",
            "tag": "v0.8.0"
        },
        "cute-engineering/ce-stdcpp": {
            "commit": "e92e902d4b3ebad8c79cebc7e059b7a1b4f075ff",
            "git": "https://codeberg.org/cute-engineering/ce-stdcpp.git",
            "tag": "v1.9.0"
        },
        "cute-engineering/ce-targets": {
            "commit": "89ee78db3cbf12b246ac70b3b8def6cebbba66bb",
            "git": "https://codeberg.org/cute-engineering/ce-targets.git",
            "tag": "v0.8.0"
        },
        "skift/assets": {
            "commit": "52ff6480ff3c4b25d1e7b7bda820e9c7e4fc5488",
            "git": "https://codeberg.org/skift/assets.git",
            "tag": "v0.2.0"
        },
        "skift/karm": {
            "commit": "1eed20ea4c16b4336d1f67401d14f4070ca8fca8",
            "git": "https://codeberg.org/skift/karm.git",
            "tag": "main"
        }
    }
}
